{
  "name": "nexfix-pos",
  "version": "3.0.2",
  "lockfileVersion": 3,
  "requires": true,
  "packages": {
    "": {
      "name": "nexfix-pos",
      "version": "3.0.2",
      "dependencies": {
        "@supabase/supabase-js": "^2.57.0",
        "@tailwindcss/vite": "^4.2.1",
        "framer-motion": "^12.35.0",
        "html-to-image": "^1.11.13",
        "lucide-react": "^0.577.0",
        "react": "^19.2.0",
        "react-dom": "^19.2.0",
        "react-router-dom": "^7.13.1",
        "recharts": "^3.10.1",
        "tailwindcss": "^4.2.1",